
Microsoft Visual Studio Solution File, Format Version 12.00
# Visual Studio Version 16
VisualStudioVersion = 16.0.30804.86
MinimumVisualStudioVersion = 10.0.40219.1
Project("{FAE04EC0-301F-11D3-BF4B-00C04F79EFBC}") = "Business", "Business\Business.csproj", "{7790EEFB-C11C-44CF-B114-6FE75E798E8C}"
EndProject
Project("{FAE04EC0-301F-11D3-BF4B-00C04F79EFBC}") = "DataAccess", "DataAccess\DataAccess.csproj", "{1213CD9F-C134-4DA1-AFE6-17926B1862A6}"
EndProject
Project("{FAE04EC0-301F-11D3-BF4B-00C04F79EFBC}") = "Entities", "Entities\Entities.csproj", "{DE7BE43F-8C13-4411-A77E-DC16A17FF27A}"
EndProject
Project("{FAE04EC0-301F-11D3-BF4B-00C04F79EFBC}") = "Core", "Core\Core.csproj", "{2094F6FE-614C-422F-A376-7985DE6B1434}"
EndProject
Project("{FAE04EC0-301F-11D3-BF4B-00C04F79EFBC}") = "WebAPI", "WebAPI\WebAPI.csproj", "{67F5A02B-919B-4B79-8E9F-E491107C828F}"
EndProject
Global
	GlobalSection(SolutionConfigurationPlatforms) = preSolution
		Debug|Any CPU = Debug|Any CPU
		Release|Any CPU = Release|Any CPU
	EndGlobalSection
	GlobalSection(ProjectConfigurationPlatforms) = postSolution
		{7790EEFB-C11C-44CF-B114-6FE75E798E8C}.Debug|Any CPU.ActiveCfg = Debug|Any CPU
		{7790EEFB-C11C-44CF-B114-6FE75E798E8C}.Debug|Any CPU.Build.0 = Debug|Any CPU
		{7790EEFB-C11C-44CF-B114-6FE75E798E8C}.Release|Any CPU.ActiveCfg = Release|Any CPU
		{7790EEFB-C11C-44CF-B114-6FE75E798E8C}.Release|Any CPU.Build.0 = Release|Any CPU
		{1213CD9F-C134-4DA1-AFE6-17926B1862A6}.Debug|Any CPU.ActiveCfg = Debug|Any CPU
		{1213CD9F-C134-4DA1-AFE6-17926B1862A6}.Debug|Any CPU.Build.0 = Debug|Any CPU
		{1213CD9F-C134-4DA1-AFE6-17926B1862A6}.Release|Any CPU.ActiveCfg = Release|Any CPU
		{1213CD9F-C134-4DA1-AFE6-17926B1862A6}.Release|Any CPU.Build.0 = Release|Any CPU
		{DE7BE43F-8C13-4411-A77E-DC16A17FF27A}.Debug|Any CPU.ActiveCfg = Debug|Any CPU
		{DE7BE43F-8C13-4411-A77E-DC16A17FF27A}.Debug|Any CPU.Build.0 = Debug|Any CPU
		{DE7BE43F-8C13-4411-A77E-DC16A17FF27A}.Release|Any CPU.ActiveCfg = Release|Any CPU
		{DE7BE43F-8C13-4411-A77E-DC16A17FF27A}.Release|Any CPU.Build.0 = Release|Any CPU
		{2094F6FE-614C-422F-A376-7985DE6B1434}.Debug|Any CPU.ActiveCfg = Debug|Any CPU
		{2094F6FE-614C-422F-A376-7985DE6B1434}.Debug|Any CPU.Build.0 = Debug|Any CPU
		{2094F6FE-614C-422F-A376-7985DE6B1434}.Release|Any CPU.ActiveCfg = Release|Any CPU
		{2094F6FE-614C-422F-A376-7985DE6B1434}.Release|Any CPU.Build.0 = Release|Any CPU
		{67F5A02B-919B-4B79-8E9F-E491107C828F}.Debug|Any CPU.ActiveCfg = Debug|Any CPU
		{67F5A02B-919B-4B79-8E9F-E491107C828F}.Debug|Any CPU.Build.0 = Debug|Any CPU
		{67F5A02B-919B-4B79-8E9F-E491107C828F}.Release|Any CPU.ActiveCfg = Release|Any CPU
		{67F5A02B-919B-4B79-8E9F-E491107C828F}.Release|Any CPU.Build.0 = Release|Any CPU
	EndGlobalSection
	GlobalSection(SolutionProperties) = preSolution
		HideSolutionNode = FALSE
	EndGlobalSection
	GlobalSection(ExtensibilityGlobals) = postSolution
		SolutionGuid = {A2F4EDC4-7822-4CF0-A4DC-C2CEDA311009}
	EndGlobalSection
EndGlobal
